
Microsoft Visual Studio Solution File, Format Version 12.00
# Visual Studio Version 16
VisualStudioVersion = 16.0.29519.87
MinimumVisualStudioVersion = 10.0.40219.1
Project("{9A19103F-16F7-4668-BE54-9A1E7A4F7556}") = "Insight.Database.Benchmarks.SqlServer", "benchmarks\Insight.Database.Benchmarks.SqlServer\Insight.Database.Benchmarks.SqlServer.csproj", "{252F99F2-26F7-456B-AC47-1A25B7F1EA51}"
EndProject
Project("{2150E333-8FDC-42A3-9474-1A3956D46DE8}") = ".SolutionItems", ".SolutionItems", "{2D8FB582-91C2-4570-9445-E9DBC47BFB47}"
	ProjectSection(SolutionItems) = preProject
		.editorconfig = .editorconfig
		.gitignore = .gitignore
		appveyor.yml = appveyor.yml
		README.md = README.md
	EndProjectSection
EndProject
Project("{2150E333-8FDC-42A3-9474-1A3956D46DE8}") = ".github", ".github", "{B2B2D061-4064-4B19-AFE4-8D10E92317AF}"
	ProjectSection(SolutionItems) = preProject
		.github\CONTRIBUTING.md = .github\CONTRIBUTING.md
		.github\PULL_REQUEST_TEMPLATE.md = .github\PULL_REQUEST_TEMPLATE.md
	EndProjectSection
EndProject
Project("{9A19103F-16F7-4668-BE54-9A1E7A4F7556}") = "Insight.Database.Benchmarks.Postgres", "benchmarks\Insight.Database.Benchmarks.Postgres\Insight.Database.Benchmarks.Postgres.csproj", "{5B72CDA3-9710-414D-ABD5-9E9417D350A0}"
EndProject
Global
	GlobalSection(SolutionConfigurationPlatforms) = preSolution
		Debug|Any CPU = Debug|Any CPU
		Release|Any CPU = Release|Any CPU
	EndGlobalSection
	GlobalSection(ProjectConfigurationPlatforms) = postSolution
		{252F99F2-26F7-456B-AC47-1A25B7F1EA51}.Debug|Any CPU.ActiveCfg = Debug|Any CPU
		{252F99F2-26F7-456B-AC47-1A25B7F1EA51}.Debug|Any CPU.Build.0 = Debug|Any CPU
		{252F99F2-26F7-456B-AC47-1A25B7F1EA51}.Release|Any CPU.ActiveCfg = Release|Any CPU
		{252F99F2-26F7-456B-AC47-1A25B7F1EA51}.Release|Any CPU.Build.0 = Release|Any CPU
		{5B72CDA3-9710-414D-ABD5-9E9417D350A0}.Debug|Any CPU.ActiveCfg = Debug|Any CPU
		{5B72CDA3-9710-414D-ABD5-9E9417D350A0}.Debug|Any CPU.Build.0 = Debug|Any CPU
		{5B72CDA3-9710-414D-ABD5-9E9417D350A0}.Release|Any CPU.ActiveCfg = Release|Any CPU
		{5B72CDA3-9710-414D-ABD5-9E9417D350A0}.Release|Any CPU.Build.0 = Release|Any CPU
	EndGlobalSection
	GlobalSection(SolutionProperties) = preSolution
		HideSolutionNode = FALSE
	EndGlobalSection
	GlobalSection(NestedProjects) = preSolution
		{B2B2D061-4064-4B19-AFE4-8D10E92317AF} = {2D8FB582-91C2-4570-9445-E9DBC47BFB47}
	EndGlobalSection
	GlobalSection(ExtensibilityGlobals) = postSolution
		SolutionGuid = {C9BFC8CB-A03B-4533-B314-90388D237421}
	EndGlobalSection
EndGlobal
