
Microsoft Visual Studio Solution File, Format Version 12.00
# Visual Studio Version 17
VisualStudioVersion = 17.0.31912.275
MinimumVisualStudioVersion = 10.0.40219.1
Project("{9A19103F-16F7-4668-BE54-9A1E7A4F7556}") = "Insight.Database.Benchmarks.SqlServer", "benchmarks\Insight.Database.Benchmarks.SqlServer\Insight.Database.Benchmarks.SqlServer.csproj", "{252F99F2-26F7-456B-AC47-1A25B7F1EA51}"
EndProject
Project("{2150E333-8FDC-42A3-9474-1A3956D46DE8}") = ".SolutionItems", ".SolutionItems", "{2D8FB582-91C2-4570-9445-E9DBC47BFB47}"
	ProjectSection(SolutionItems) = preProject
		.editorconfig = .editorconfig
		.gitignore = .gitignore
		benchmarks\Directory.Build.props = benchmarks\Directory.Build.props
		README.md = README.md
	EndProjectSection
EndProject
Project("{2150E333-8FDC-42A3-9474-1A3956D46DE8}") = ".github", ".github", "{B2B2D061-4064-4B19-AFE4-8D10E92317AF}"
	ProjectSection(SolutionItems) = preProject
		.github\CONTRIBUTING.md = .github\CONTRIBUTING.md
		.github\dependabot.yml = .github\dependabot.yml
		.github\PULL_REQUEST_TEMPLATE.md = .github\PULL_REQUEST_TEMPLATE.md
	EndProjectSection
EndProject
Project("{9A19103F-16F7-4668-BE54-9A1E7A4F7556}") = "Insight.Database.Benchmarks.Postgres", "benchmarks\Insight.Database.Benchmarks.Postgres\Insight.Database.Benchmarks.Postgres.csproj", "{5B72CDA3-9710-414D-ABD5-9E9417D350A0}"
EndProject
Project("{9A19103F-16F7-4668-BE54-9A1E7A4F7556}") = "Insight.Database.Benchmarks.MySql", "benchmarks\Insight.Database.Benchmarks.MySql\Insight.Database.Benchmarks.MySql.csproj", "{A0DF6CC8-F1D0-4022-8464-B32A93BD7180}"
EndProject
Project("{9A19103F-16F7-4668-BE54-9A1E7A4F7556}") = "Insight.Database.Benchmarks.Sqlite", "benchmarks\Insight.Database.Benchmarks.Sqlite\Insight.Database.Benchmarks.Sqlite.csproj", "{163B2C70-B3AE-4178-93ED-0672F155EA90}"
EndProject
Project("{9A19103F-16F7-4668-BE54-9A1E7A4F7556}") = "Insight.Database.Benchmarks.Models", "benchmarks\Insight.Database.Benchmarks.Models\Insight.Database.Benchmarks.Models.csproj", "{ADAB500E-185E-4CEC-B9B8-F9C56FB1FFB1}"
EndProject
Project("{2150E333-8FDC-42A3-9474-1A3956D46DE8}") = "docker", "docker", "{BFBF8E9C-D9F8-40D7-B9CC-CB3CF69C697C}"
	ProjectSection(SolutionItems) = preProject
		docker\.env = docker\.env
		docker\build-docker-compose-localhost.md = docker\build-docker-compose-localhost.md
		docker\docker-compose.yml = docker\docker-compose.yml
	EndProjectSection
EndProject
Project("{9A19103F-16F7-4668-BE54-9A1E7A4F7556}") = "Insight.Database.Benchmarks", "benchmarks\Insight.Database.Benchmarks\Insight.Database.Benchmarks.csproj", "{9D34C1A8-A183-455C-9379-C30A5F10232A}"
EndProject
Project("{2150E333-8FDC-42A3-9474-1A3956D46DE8}") = "workflows", "workflows", "{34B58A78-F806-4794-9EE6-0EAE00976154}"
	ProjectSection(SolutionItems) = preProject
		.github\workflows\ci.yml = .github\workflows\ci.yml
	EndProjectSection
EndProject
Global
	GlobalSection(SolutionConfigurationPlatforms) = preSolution
		Debug|Any CPU = Debug|Any CPU
		Release|Any CPU = Release|Any CPU
	EndGlobalSection
	GlobalSection(ProjectConfigurationPlatforms) = postSolution
		{252F99F2-26F7-456B-AC47-1A25B7F1EA51}.Debug|Any CPU.ActiveCfg = Debug|Any CPU
		{252F99F2-26F7-456B-AC47-1A25B7F1EA51}.Debug|Any CPU.Build.0 = Debug|Any CPU
		{252F99F2-26F7-456B-AC47-1A25B7F1EA51}.Release|Any CPU.ActiveCfg = Release|Any CPU
		{252F99F2-26F7-456B-AC47-1A25B7F1EA51}.Release|Any CPU.Build.0 = Release|Any CPU
		{5B72CDA3-9710-414D-ABD5-9E9417D350A0}.Debug|Any CPU.ActiveCfg = Debug|Any CPU
		{5B72CDA3-9710-414D-ABD5-9E9417D350A0}.Debug|Any CPU.Build.0 = Debug|Any CPU
		{5B72CDA3-9710-414D-ABD5-9E9417D350A0}.Release|Any CPU.ActiveCfg = Release|Any CPU
		{5B72CDA3-9710-414D-ABD5-9E9417D350A0}.Release|Any CPU.Build.0 = Release|Any CPU
		{A0DF6CC8-F1D0-4022-8464-B32A93BD7180}.Debug|Any CPU.ActiveCfg = Debug|Any CPU
		{A0DF6CC8-F1D0-4022-8464-B32A93BD7180}.Debug|Any CPU.Build.0 = Debug|Any CPU
		{A0DF6CC8-F1D0-4022-8464-B32A93BD7180}.Release|Any CPU.ActiveCfg = Release|Any CPU
		{A0DF6CC8-F1D0-4022-8464-B32A93BD7180}.Release|Any CPU.Build.0 = Release|Any CPU
		{163B2C70-B3AE-4178-93ED-0672F155EA90}.Debug|Any CPU.ActiveCfg = Debug|Any CPU
		{163B2C70-B3AE-4178-93ED-0672F155EA90}.Debug|Any CPU.Build.0 = Debug|Any CPU
		{163B2C70-B3AE-4178-93ED-0672F155EA90}.Release|Any CPU.ActiveCfg = Release|Any CPU
		{163B2C70-B3AE-4178-93ED-0672F155EA90}.Release|Any CPU.Build.0 = Release|Any CPU
		{ADAB500E-185E-4CEC-B9B8-F9C56FB1FFB1}.Debug|Any CPU.ActiveCfg = Debug|Any CPU
		{ADAB500E-185E-4CEC-B9B8-F9C56FB1FFB1}.Debug|Any CPU.Build.0 = Debug|Any CPU
		{ADAB500E-185E-4CEC-B9B8-F9C56FB1FFB1}.Release|Any CPU.ActiveCfg = Release|Any CPU
		{ADAB500E-185E-4CEC-B9B8-F9C56FB1FFB1}.Release|Any CPU.Build.0 = Release|Any CPU
		{9D34C1A8-A183-455C-9379-C30A5F10232A}.Debug|Any CPU.ActiveCfg = Debug|Any CPU
		{9D34C1A8-A183-455C-9379-C30A5F10232A}.Debug|Any CPU.Build.0 = Debug|Any CPU
		{9D34C1A8-A183-455C-9379-C30A5F10232A}.Release|Any CPU.ActiveCfg = Release|Any CPU
		{9D34C1A8-A183-455C-9379-C30A5F10232A}.Release|Any CPU.Build.0 = Release|Any CPU
	EndGlobalSection
	GlobalSection(SolutionProperties) = preSolution
		HideSolutionNode = FALSE
	EndGlobalSection
	GlobalSection(NestedProjects) = preSolution
		{B2B2D061-4064-4B19-AFE4-8D10E92317AF} = {2D8FB582-91C2-4570-9445-E9DBC47BFB47}
		{BFBF8E9C-D9F8-40D7-B9CC-CB3CF69C697C} = {2D8FB582-91C2-4570-9445-E9DBC47BFB47}
		{34B58A78-F806-4794-9EE6-0EAE00976154} = {B2B2D061-4064-4B19-AFE4-8D10E92317AF}
	EndGlobalSection
	GlobalSection(ExtensibilityGlobals) = postSolution
		SolutionGuid = {C9BFC8CB-A03B-4533-B314-90388D237421}
	EndGlobalSection
EndGlobal
